
Microsoft Visual Studio Solution File, Format Version 12.00
# Visual Studio Version 16
VisualStudioVersion = 16.0.30711.63
MinimumVisualStudioVersion = 10.0.40219.1
Project("{FAE04EC0-301F-11D3-BF4B-00C04F79EFBC}") = "Ark.Fts", "Ark.Fts\Ark.Fts\Ark.Fts.csproj", "{67E92A3F-E505-452F-93A2-7A3DC69762A6}"
EndProject
Project("{FAE04EC0-301F-11D3-BF4B-00C04F79EFBC}") = "Ark.Fts.Data", "Ark.Fts\Ark.Fts.Data\Ark.Fts.Data.csproj", "{0EC41233-4949-430F-AB11-24DEED09C24D}"
	ProjectSection(ProjectDependencies) = postProject
		{67E92A3F-E505-452F-93A2-7A3DC69762A6} = {67E92A3F-E505-452F-93A2-7A3DC69762A6}
	EndProjectSection
EndProject
Project("{2150E333-8FDC-42A3-9474-1A3956D46DE8}") = "Ark.Fts", "Ark.Fts", "{2D1D0F14-1D87-43C5-9236-9E9DDCA32D4E}"
EndProject
Project("{FAE04EC0-301F-11D3-BF4B-00C04F79EFBC}") = "Ark.Fts.IServer", "Ark.Fts.Server\Ark.Fts.IServer\Ark.Fts.IServer.csproj", "{68A1B5DD-57C2-4B89-8D95-F121588A09C4}"
	ProjectSection(ProjectDependencies) = postProject
		{0EC41233-4949-430F-AB11-24DEED09C24D} = {0EC41233-4949-430F-AB11-24DEED09C24D}
		{67E92A3F-E505-452F-93A2-7A3DC69762A6} = {67E92A3F-E505-452F-93A2-7A3DC69762A6}
	EndProjectSection
EndProject
Project("{FAE04EC0-301F-11D3-BF4B-00C04F79EFBC}") = "Ark.Fts.Server", "Ark.Fts.Server\Ark.Fts.Server\Ark.Fts.Server.csproj", "{EA29A9A9-1152-4AAA-979E-928A699C6227}"
	ProjectSection(ProjectDependencies) = postProject
		{4CF3212A-53F7-4A3B-94A3-163AF3AEAC21} = {4CF3212A-53F7-4A3B-94A3-163AF3AEAC21}
		{0EC41233-4949-430F-AB11-24DEED09C24D} = {0EC41233-4949-430F-AB11-24DEED09C24D}
		{67E92A3F-E505-452F-93A2-7A3DC69762A6} = {67E92A3F-E505-452F-93A2-7A3DC69762A6}
		{68A1B5DD-57C2-4B89-8D95-F121588A09C4} = {68A1B5DD-57C2-4B89-8D95-F121588A09C4}
	EndProjectSection
EndProject
Project("{2150E333-8FDC-42A3-9474-1A3956D46DE8}") = "Ark.Fts.Server", "Ark.Fts.Server", "{AC11C0EF-53E1-4E60-9EBF-A6D3F1E55B88}"
EndProject
Project("{FAE04EC0-301F-11D3-BF4B-00C04F79EFBC}") = "Ark.Fts.IPlugin", "Ark.Fts.Service\Ark.Fts.IPlugin\Ark.Fts.IPlugin.csproj", "{97FD0A01-44B6-490E-8AA5-42766273FED7}"
	ProjectSection(ProjectDependencies) = postProject
		{0EC41233-4949-430F-AB11-24DEED09C24D} = {0EC41233-4949-430F-AB11-24DEED09C24D}
		{67E92A3F-E505-452F-93A2-7A3DC69762A6} = {67E92A3F-E505-452F-93A2-7A3DC69762A6}
	EndProjectSection
EndProject
Project("{FAE04EC0-301F-11D3-BF4B-00C04F79EFBC}") = "Ark.Fts.IService", "Ark.Fts.Service\Ark.Fts.IService\Ark.Fts.IService.csproj", "{4CF3212A-53F7-4A3B-94A3-163AF3AEAC21}"
	ProjectSection(ProjectDependencies) = postProject
		{0EC41233-4949-430F-AB11-24DEED09C24D} = {0EC41233-4949-430F-AB11-24DEED09C24D}
		{67E92A3F-E505-452F-93A2-7A3DC69762A6} = {67E92A3F-E505-452F-93A2-7A3DC69762A6}
	EndProjectSection
EndProject
Project("{FAE04EC0-301F-11D3-BF4B-00C04F79EFBC}") = "Ark.Fts.Servant", "Ark.Fts.Service\Ark.Fts.Servant\Ark.Fts.Servant.csproj", "{DAF7AAA2-EA8D-4957-8897-7F0990E6594D}"
	ProjectSection(ProjectDependencies) = postProject
		{4CF3212A-53F7-4A3B-94A3-163AF3AEAC21} = {4CF3212A-53F7-4A3B-94A3-163AF3AEAC21}
		{0EC41233-4949-430F-AB11-24DEED09C24D} = {0EC41233-4949-430F-AB11-24DEED09C24D}
		{67E92A3F-E505-452F-93A2-7A3DC69762A6} = {67E92A3F-E505-452F-93A2-7A3DC69762A6}
	EndProjectSection
EndProject
Project("{FAE04EC0-301F-11D3-BF4B-00C04F79EFBC}") = "Ark.Fts.Service", "Ark.Fts.Service\Ark.Fts.Service\Ark.Fts.Service.csproj", "{65194561-9AED-474B-83E6-F228D28A9559}"
	ProjectSection(ProjectDependencies) = postProject
		{97FD0A01-44B6-490E-8AA5-42766273FED7} = {97FD0A01-44B6-490E-8AA5-42766273FED7}
		{4CF3212A-53F7-4A3B-94A3-163AF3AEAC21} = {4CF3212A-53F7-4A3B-94A3-163AF3AEAC21}
		{0EC41233-4949-430F-AB11-24DEED09C24D} = {0EC41233-4949-430F-AB11-24DEED09C24D}
		{67E92A3F-E505-452F-93A2-7A3DC69762A6} = {67E92A3F-E505-452F-93A2-7A3DC69762A6}
	EndProjectSection
EndProject
Project("{2150E333-8FDC-42A3-9474-1A3956D46DE8}") = "Ark.Fts.Service", "Ark.Fts.Service", "{1D359F1C-8D3A-47A1-BAB4-BB95621B9043}"
EndProject
Global
	GlobalSection(SolutionConfigurationPlatforms) = preSolution
		Debug|Any CPU = Debug|Any CPU
		Release|Any CPU = Release|Any CPU
	EndGlobalSection
	GlobalSection(ProjectConfigurationPlatforms) = postSolution
		{67E92A3F-E505-452F-93A2-7A3DC69762A6}.Debug|Any CPU.ActiveCfg = Debug|Any CPU
		{67E92A3F-E505-452F-93A2-7A3DC69762A6}.Debug|Any CPU.Build.0 = Debug|Any CPU
		{67E92A3F-E505-452F-93A2-7A3DC69762A6}.Release|Any CPU.ActiveCfg = Release|Any CPU
		{67E92A3F-E505-452F-93A2-7A3DC69762A6}.Release|Any CPU.Build.0 = Release|Any CPU
		{0EC41233-4949-430F-AB11-24DEED09C24D}.Debug|Any CPU.ActiveCfg = Debug|Any CPU
		{0EC41233-4949-430F-AB11-24DEED09C24D}.Debug|Any CPU.Build.0 = Debug|Any CPU
		{0EC41233-4949-430F-AB11-24DEED09C24D}.Release|Any CPU.ActiveCfg = Release|Any CPU
		{0EC41233-4949-430F-AB11-24DEED09C24D}.Release|Any CPU.Build.0 = Release|Any CPU
		{68A1B5DD-57C2-4B89-8D95-F121588A09C4}.Debug|Any CPU.ActiveCfg = Debug|Any CPU
		{68A1B5DD-57C2-4B89-8D95-F121588A09C4}.Debug|Any CPU.Build.0 = Debug|Any CPU
		{68A1B5DD-57C2-4B89-8D95-F121588A09C4}.Release|Any CPU.ActiveCfg = Release|Any CPU
		{68A1B5DD-57C2-4B89-8D95-F121588A09C4}.Release|Any CPU.Build.0 = Release|Any CPU
		{EA29A9A9-1152-4AAA-979E-928A699C6227}.Debug|Any CPU.ActiveCfg = Debug|Any CPU
		{EA29A9A9-1152-4AAA-979E-928A699C6227}.Debug|Any CPU.Build.0 = Debug|Any CPU
		{EA29A9A9-1152-4AAA-979E-928A699C6227}.Release|Any CPU.ActiveCfg = Release|Any CPU
		{EA29A9A9-1152-4AAA-979E-928A699C6227}.Release|Any CPU.Build.0 = Release|Any CPU
		{97FD0A01-44B6-490E-8AA5-42766273FED7}.Debug|Any CPU.ActiveCfg = Debug|Any CPU
		{97FD0A01-44B6-490E-8AA5-42766273FED7}.Debug|Any CPU.Build.0 = Debug|Any CPU
		{97FD0A01-44B6-490E-8AA5-42766273FED7}.Release|Any CPU.ActiveCfg = Release|Any CPU
		{97FD0A01-44B6-490E-8AA5-42766273FED7}.Release|Any CPU.Build.0 = Release|Any CPU
		{4CF3212A-53F7-4A3B-94A3-163AF3AEAC21}.Debug|Any CPU.ActiveCfg = Debug|Any CPU
		{4CF3212A-53F7-4A3B-94A3-163AF3AEAC21}.Debug|Any CPU.Build.0 = Debug|Any CPU
		{4CF3212A-53F7-4A3B-94A3-163AF3AEAC21}.Release|Any CPU.ActiveCfg = Release|Any CPU
		{4CF3212A-53F7-4A3B-94A3-163AF3AEAC21}.Release|Any CPU.Build.0 = Release|Any CPU
		{DAF7AAA2-EA8D-4957-8897-7F0990E6594D}.Debug|Any CPU.ActiveCfg = Debug|Any CPU
		{DAF7AAA2-EA8D-4957-8897-7F0990E6594D}.Debug|Any CPU.Build.0 = Debug|Any CPU
		{DAF7AAA2-EA8D-4957-8897-7F0990E6594D}.Release|Any CPU.ActiveCfg = Release|Any CPU
		{DAF7AAA2-EA8D-4957-8897-7F0990E6594D}.Release|Any CPU.Build.0 = Release|Any CPU
		{65194561-9AED-474B-83E6-F228D28A9559}.Debug|Any CPU.ActiveCfg = Debug|Any CPU
		{65194561-9AED-474B-83E6-F228D28A9559}.Debug|Any CPU.Build.0 = Debug|Any CPU
		{65194561-9AED-474B-83E6-F228D28A9559}.Release|Any CPU.ActiveCfg = Release|Any CPU
		{65194561-9AED-474B-83E6-F228D28A9559}.Release|Any CPU.Build.0 = Release|Any CPU
	EndGlobalSection
	GlobalSection(SolutionProperties) = preSolution
		HideSolutionNode = FALSE
	EndGlobalSection
	GlobalSection(NestedProjects) = preSolution
		{67E92A3F-E505-452F-93A2-7A3DC69762A6} = {2D1D0F14-1D87-43C5-9236-9E9DDCA32D4E}
		{0EC41233-4949-430F-AB11-24DEED09C24D} = {2D1D0F14-1D87-43C5-9236-9E9DDCA32D4E}
		{68A1B5DD-57C2-4B89-8D95-F121588A09C4} = {AC11C0EF-53E1-4E60-9EBF-A6D3F1E55B88}
		{EA29A9A9-1152-4AAA-979E-928A699C6227} = {AC11C0EF-53E1-4E60-9EBF-A6D3F1E55B88}
		{97FD0A01-44B6-490E-8AA5-42766273FED7} = {1D359F1C-8D3A-47A1-BAB4-BB95621B9043}
		{4CF3212A-53F7-4A3B-94A3-163AF3AEAC21} = {1D359F1C-8D3A-47A1-BAB4-BB95621B9043}
		{DAF7AAA2-EA8D-4957-8897-7F0990E6594D} = {1D359F1C-8D3A-47A1-BAB4-BB95621B9043}
		{65194561-9AED-474B-83E6-F228D28A9559} = {1D359F1C-8D3A-47A1-BAB4-BB95621B9043}
	EndGlobalSection
	GlobalSection(ExtensibilityGlobals) = postSolution
		SolutionGuid = {68F642D9-AFE5-49BD-8529-052ABAD1BC14}
	EndGlobalSection
EndGlobal
