
Microsoft Visual Studio Solution File, Format Version 12.00
# Visual Studio Version 16
VisualStudioVersion = 16.0.30711.63
MinimumVisualStudioVersion = 10.0.40219.1
Project("{9A19103F-16F7-4668-BE54-9A1E7A4F7556}") = "Ark.Server", "Ark.Server\Ark.Server\Ark.Server.csproj", "{29BA60EE-A598-4B31-B1DC-6792DB2E1358}"
EndProject
Project("{2150E333-8FDC-42A3-9474-1A3956D46DE8}") = "Ark.Server", "Ark.Server", "{D3249B4A-DA73-4A45-A005-D457A7FC7F95}"
EndProject
Global
	GlobalSection(SolutionConfigurationPlatforms) = preSolution
		Debug|Any CPU = Debug|Any CPU
		Release|Any CPU = Release|Any CPU
	EndGlobalSection
	GlobalSection(ProjectConfigurationPlatforms) = postSolution
		{29BA60EE-A598-4B31-B1DC-6792DB2E1358}.Debug|Any CPU.ActiveCfg = Debug|Any CPU
		{29BA60EE-A598-4B31-B1DC-6792DB2E1358}.Debug|Any CPU.Build.0 = Debug|Any CPU
		{29BA60EE-A598-4B31-B1DC-6792DB2E1358}.Release|Any CPU.ActiveCfg = Release|Any CPU
		{29BA60EE-A598-4B31-B1DC-6792DB2E1358}.Release|Any CPU.Build.0 = Release|Any CPU
	EndGlobalSection
	GlobalSection(SolutionProperties) = preSolution
		HideSolutionNode = FALSE
	EndGlobalSection
	GlobalSection(NestedProjects) = preSolution
		{29BA60EE-A598-4B31-B1DC-6792DB2E1358} = {D3249B4A-DA73-4A45-A005-D457A7FC7F95}
	EndGlobalSection
	GlobalSection(ExtensibilityGlobals) = postSolution
		SolutionGuid = {005277AB-2695-4619-BB22-0BA30A74FC7E}
	EndGlobalSection
EndGlobal
