
Microsoft Visual Studio Solution File, Format Version 12.00
# Visual Studio Version 16
VisualStudioVersion = 16.0.30711.63
MinimumVisualStudioVersion = 10.0.40219.1
Project("{FAE04EC0-301F-11D3-BF4B-00C04F79EFBC}") = "Ark.Sys", "Ark.Sys\Ark.Sys\Ark.Sys.csproj", "{93DA24BC-EFDE-49CD-A808-77F903E46A4F}"
EndProject
Project("{FAE04EC0-301F-11D3-BF4B-00C04F79EFBC}") = "Ark.Sys.Data", "Ark.Sys\Ark.Sys.Data\Ark.Sys.Data.csproj", "{D9362D7F-071E-419B-A704-6620413CE3E8}"
	ProjectSection(ProjectDependencies) = postProject
		{93DA24BC-EFDE-49CD-A808-77F903E46A4F} = {93DA24BC-EFDE-49CD-A808-77F903E46A4F}
	EndProjectSection
EndProject
Project("{2150E333-8FDC-42A3-9474-1A3956D46DE8}") = "Ark.Sys", "Ark.Sys", "{8A93F9E7-E393-4F9D-A772-FC7941F27E81}"
EndProject
Project("{FAE04EC0-301F-11D3-BF4B-00C04F79EFBC}") = "Ark.Sys.IServer", "Ark.Sys.Server\Ark.Sys.IServer\Ark.Sys.IServer.csproj", "{E4951239-DFD7-4F18-8B5A-47C06FE85B0B}"
	ProjectSection(ProjectDependencies) = postProject
		{D9362D7F-071E-419B-A704-6620413CE3E8} = {D9362D7F-071E-419B-A704-6620413CE3E8}
		{93DA24BC-EFDE-49CD-A808-77F903E46A4F} = {93DA24BC-EFDE-49CD-A808-77F903E46A4F}
	EndProjectSection
EndProject
Project("{FAE04EC0-301F-11D3-BF4B-00C04F79EFBC}") = "Ark.Sys.Server", "Ark.Sys.Server\Ark.Sys.Server\Ark.Sys.Server.csproj", "{BCE4173E-B22A-4EDE-98F9-CCFA7FA53FE5}"
	ProjectSection(ProjectDependencies) = postProject
		{E4951239-DFD7-4F18-8B5A-47C06FE85B0B} = {E4951239-DFD7-4F18-8B5A-47C06FE85B0B}
		{D9362D7F-071E-419B-A704-6620413CE3E8} = {D9362D7F-071E-419B-A704-6620413CE3E8}
		{93DA24BC-EFDE-49CD-A808-77F903E46A4F} = {93DA24BC-EFDE-49CD-A808-77F903E46A4F}
		{EDF163D7-E9F0-4BEF-BF0A-DE822D438D61} = {EDF163D7-E9F0-4BEF-BF0A-DE822D438D61}
	EndProjectSection
EndProject
Project("{2150E333-8FDC-42A3-9474-1A3956D46DE8}") = "Ark.Sys.Server", "Ark.Sys.Server", "{6D38CBFD-5485-42EE-8DF1-AE1DF02C8F81}"
EndProject
Project("{FAE04EC0-301F-11D3-BF4B-00C04F79EFBC}") = "Ark.Sys.IPlugin", "Ark.Sys.Service\Ark.Sys.IPlugin\Ark.Sys.IPlugin.csproj", "{1301B91B-4E97-4A89-AB76-59BC63C8C5AF}"
	ProjectSection(ProjectDependencies) = postProject
		{D9362D7F-071E-419B-A704-6620413CE3E8} = {D9362D7F-071E-419B-A704-6620413CE3E8}
		{93DA24BC-EFDE-49CD-A808-77F903E46A4F} = {93DA24BC-EFDE-49CD-A808-77F903E46A4F}
	EndProjectSection
EndProject
Project("{FAE04EC0-301F-11D3-BF4B-00C04F79EFBC}") = "Ark.Sys.IService", "Ark.Sys.Service\Ark.Sys.IService\Ark.Sys.IService.csproj", "{EDF163D7-E9F0-4BEF-BF0A-DE822D438D61}"
	ProjectSection(ProjectDependencies) = postProject
		{D9362D7F-071E-419B-A704-6620413CE3E8} = {D9362D7F-071E-419B-A704-6620413CE3E8}
		{93DA24BC-EFDE-49CD-A808-77F903E46A4F} = {93DA24BC-EFDE-49CD-A808-77F903E46A4F}
	EndProjectSection
EndProject
Project("{FAE04EC0-301F-11D3-BF4B-00C04F79EFBC}") = "Ark.Sys.Servant", "Ark.Sys.Service\Ark.Sys.Servant\Ark.Sys.Servant.csproj", "{6FB459AD-0A8E-43D7-B646-9F246790C268}"
	ProjectSection(ProjectDependencies) = postProject
		{D9362D7F-071E-419B-A704-6620413CE3E8} = {D9362D7F-071E-419B-A704-6620413CE3E8}
		{93DA24BC-EFDE-49CD-A808-77F903E46A4F} = {93DA24BC-EFDE-49CD-A808-77F903E46A4F}
		{EDF163D7-E9F0-4BEF-BF0A-DE822D438D61} = {EDF163D7-E9F0-4BEF-BF0A-DE822D438D61}
	EndProjectSection
EndProject
Project("{FAE04EC0-301F-11D3-BF4B-00C04F79EFBC}") = "Ark.Sys.Service", "Ark.Sys.Service\Ark.Sys.Service\Ark.Sys.Service.csproj", "{DAD27765-D118-47C3-AFC3-787087C3A23C}"
	ProjectSection(ProjectDependencies) = postProject
		{1301B91B-4E97-4A89-AB76-59BC63C8C5AF} = {1301B91B-4E97-4A89-AB76-59BC63C8C5AF}
		{D9362D7F-071E-419B-A704-6620413CE3E8} = {D9362D7F-071E-419B-A704-6620413CE3E8}
		{93DA24BC-EFDE-49CD-A808-77F903E46A4F} = {93DA24BC-EFDE-49CD-A808-77F903E46A4F}
		{EDF163D7-E9F0-4BEF-BF0A-DE822D438D61} = {EDF163D7-E9F0-4BEF-BF0A-DE822D438D61}
	EndProjectSection
EndProject
Project("{2150E333-8FDC-42A3-9474-1A3956D46DE8}") = "Ark.Sys.Service", "Ark.Sys.Service", "{91458085-FB0F-488D-9C81-F3FD2E812AD7}"
EndProject
Global
	GlobalSection(SolutionConfigurationPlatforms) = preSolution
		Debug|Any CPU = Debug|Any CPU
		Release|Any CPU = Release|Any CPU
	EndGlobalSection
	GlobalSection(ProjectConfigurationPlatforms) = postSolution
		{93DA24BC-EFDE-49CD-A808-77F903E46A4F}.Debug|Any CPU.ActiveCfg = Debug|Any CPU
		{93DA24BC-EFDE-49CD-A808-77F903E46A4F}.Debug|Any CPU.Build.0 = Debug|Any CPU
		{93DA24BC-EFDE-49CD-A808-77F903E46A4F}.Release|Any CPU.ActiveCfg = Release|Any CPU
		{93DA24BC-EFDE-49CD-A808-77F903E46A4F}.Release|Any CPU.Build.0 = Release|Any CPU
		{D9362D7F-071E-419B-A704-6620413CE3E8}.Debug|Any CPU.ActiveCfg = Debug|Any CPU
		{D9362D7F-071E-419B-A704-6620413CE3E8}.Debug|Any CPU.Build.0 = Debug|Any CPU
		{D9362D7F-071E-419B-A704-6620413CE3E8}.Release|Any CPU.ActiveCfg = Release|Any CPU
		{D9362D7F-071E-419B-A704-6620413CE3E8}.Release|Any CPU.Build.0 = Release|Any CPU
		{E4951239-DFD7-4F18-8B5A-47C06FE85B0B}.Debug|Any CPU.ActiveCfg = Debug|Any CPU
		{E4951239-DFD7-4F18-8B5A-47C06FE85B0B}.Debug|Any CPU.Build.0 = Debug|Any CPU
		{E4951239-DFD7-4F18-8B5A-47C06FE85B0B}.Release|Any CPU.ActiveCfg = Release|Any CPU
		{E4951239-DFD7-4F18-8B5A-47C06FE85B0B}.Release|Any CPU.Build.0 = Release|Any CPU
		{BCE4173E-B22A-4EDE-98F9-CCFA7FA53FE5}.Debug|Any CPU.ActiveCfg = Debug|Any CPU
		{BCE4173E-B22A-4EDE-98F9-CCFA7FA53FE5}.Debug|Any CPU.Build.0 = Debug|Any CPU
		{BCE4173E-B22A-4EDE-98F9-CCFA7FA53FE5}.Release|Any CPU.ActiveCfg = Release|Any CPU
		{BCE4173E-B22A-4EDE-98F9-CCFA7FA53FE5}.Release|Any CPU.Build.0 = Release|Any CPU
		{1301B91B-4E97-4A89-AB76-59BC63C8C5AF}.Debug|Any CPU.ActiveCfg = Debug|Any CPU
		{1301B91B-4E97-4A89-AB76-59BC63C8C5AF}.Debug|Any CPU.Build.0 = Debug|Any CPU
		{1301B91B-4E97-4A89-AB76-59BC63C8C5AF}.Release|Any CPU.ActiveCfg = Release|Any CPU
		{1301B91B-4E97-4A89-AB76-59BC63C8C5AF}.Release|Any CPU.Build.0 = Release|Any CPU
		{EDF163D7-E9F0-4BEF-BF0A-DE822D438D61}.Debug|Any CPU.ActiveCfg = Debug|Any CPU
		{EDF163D7-E9F0-4BEF-BF0A-DE822D438D61}.Debug|Any CPU.Build.0 = Debug|Any CPU
		{EDF163D7-E9F0-4BEF-BF0A-DE822D438D61}.Release|Any CPU.ActiveCfg = Release|Any CPU
		{EDF163D7-E9F0-4BEF-BF0A-DE822D438D61}.Release|Any CPU.Build.0 = Release|Any CPU
		{6FB459AD-0A8E-43D7-B646-9F246790C268}.Debug|Any CPU.ActiveCfg = Debug|Any CPU
		{6FB459AD-0A8E-43D7-B646-9F246790C268}.Debug|Any CPU.Build.0 = Debug|Any CPU
		{6FB459AD-0A8E-43D7-B646-9F246790C268}.Release|Any CPU.ActiveCfg = Release|Any CPU
		{6FB459AD-0A8E-43D7-B646-9F246790C268}.Release|Any CPU.Build.0 = Release|Any CPU
		{DAD27765-D118-47C3-AFC3-787087C3A23C}.Debug|Any CPU.ActiveCfg = Debug|Any CPU
		{DAD27765-D118-47C3-AFC3-787087C3A23C}.Debug|Any CPU.Build.0 = Debug|Any CPU
		{DAD27765-D118-47C3-AFC3-787087C3A23C}.Release|Any CPU.ActiveCfg = Release|Any CPU
		{DAD27765-D118-47C3-AFC3-787087C3A23C}.Release|Any CPU.Build.0 = Release|Any CPU
	EndGlobalSection
	GlobalSection(SolutionProperties) = preSolution
		HideSolutionNode = FALSE
	EndGlobalSection
	GlobalSection(NestedProjects) = preSolution
		{93DA24BC-EFDE-49CD-A808-77F903E46A4F} = {8A93F9E7-E393-4F9D-A772-FC7941F27E81}
		{D9362D7F-071E-419B-A704-6620413CE3E8} = {8A93F9E7-E393-4F9D-A772-FC7941F27E81}
		{E4951239-DFD7-4F18-8B5A-47C06FE85B0B} = {6D38CBFD-5485-42EE-8DF1-AE1DF02C8F81}
		{BCE4173E-B22A-4EDE-98F9-CCFA7FA53FE5} = {6D38CBFD-5485-42EE-8DF1-AE1DF02C8F81}
		{1301B91B-4E97-4A89-AB76-59BC63C8C5AF} = {91458085-FB0F-488D-9C81-F3FD2E812AD7}
		{EDF163D7-E9F0-4BEF-BF0A-DE822D438D61} = {91458085-FB0F-488D-9C81-F3FD2E812AD7}
		{6FB459AD-0A8E-43D7-B646-9F246790C268} = {91458085-FB0F-488D-9C81-F3FD2E812AD7}
		{DAD27765-D118-47C3-AFC3-787087C3A23C} = {91458085-FB0F-488D-9C81-F3FD2E812AD7}
	EndGlobalSection
	GlobalSection(ExtensibilityGlobals) = postSolution
		SolutionGuid = {092E81FD-FAC9-49AE-9B9C-15121537B537}
	EndGlobalSection
EndGlobal
