
Microsoft Visual Studio Solution File, Format Version 12.00
# Visual Studio Version 16
VisualStudioVersion = 16.0.30711.63
MinimumVisualStudioVersion = 10.0.40219.1
Project("{FAE04EC0-301F-11D3-BF4B-00C04F79EFBC}") = "Ark.Fwk", "Ark.Fwk\Ark.Fwk\Ark.Fwk.csproj", "{9298FB7B-28F6-4833-A88B-58277AE795AF}"
EndProject
Project("{FAE04EC0-301F-11D3-BF4B-00C04F79EFBC}") = "Ark.Fwk.Data", "Ark.Fwk\Ark.Fwk.Data\Ark.Fwk.Data.csproj", "{30E1A322-736C-410C-8ECB-49C5FBFAEEFE}"
	ProjectSection(ProjectDependencies) = postProject
		{9298FB7B-28F6-4833-A88B-58277AE795AF} = {9298FB7B-28F6-4833-A88B-58277AE795AF}
	EndProjectSection
EndProject
Project("{2150E333-8FDC-42A3-9474-1A3956D46DE8}") = "Ark.Fwk", "Ark.Fwk", "{97A07105-2872-4D9C-A323-14AF372BEA09}"
EndProject
Project("{FAE04EC0-301F-11D3-BF4B-00C04F79EFBC}") = "Ark.Fwk.IServer", "Ark.Fwk.Server\Ark.Fwk.IServer\Ark.Fwk.IServer.csproj", "{5D1E16FF-F0BA-4839-A205-4BFD57C1A426}"
	ProjectSection(ProjectDependencies) = postProject
		{30E1A322-736C-410C-8ECB-49C5FBFAEEFE} = {30E1A322-736C-410C-8ECB-49C5FBFAEEFE}
		{9298FB7B-28F6-4833-A88B-58277AE795AF} = {9298FB7B-28F6-4833-A88B-58277AE795AF}
	EndProjectSection
EndProject
Project("{FAE04EC0-301F-11D3-BF4B-00C04F79EFBC}") = "Ark.Fwk.Server", "Ark.Fwk.Server\Ark.Fwk.Server\Ark.Fwk.Server.csproj", "{CFA400F6-B608-411A-A4CB-74EC04AB93B7}"
	ProjectSection(ProjectDependencies) = postProject
		{30E1A322-736C-410C-8ECB-49C5FBFAEEFE} = {30E1A322-736C-410C-8ECB-49C5FBFAEEFE}
		{9298FB7B-28F6-4833-A88B-58277AE795AF} = {9298FB7B-28F6-4833-A88B-58277AE795AF}
		{8C3CFBE2-7043-4D42-B0A4-982EE7C0D9CB} = {8C3CFBE2-7043-4D42-B0A4-982EE7C0D9CB}
		{5D1E16FF-F0BA-4839-A205-4BFD57C1A426} = {5D1E16FF-F0BA-4839-A205-4BFD57C1A426}
	EndProjectSection
EndProject
Project("{2150E333-8FDC-42A3-9474-1A3956D46DE8}") = "Ark.Fwk.Server", "Ark.Fwk.Server", "{05C6BAE7-080D-4301-AB6D-DE4E0E3DE287}"
EndProject
Project("{FAE04EC0-301F-11D3-BF4B-00C04F79EFBC}") = "Ark.Fwk.IPlugin", "Ark.Fwk.Service\Ark.Fwk.IPlugin\Ark.Fwk.IPlugin.csproj", "{2140A68E-8572-4B66-9A2C-B29CE816E99B}"
	ProjectSection(ProjectDependencies) = postProject
		{30E1A322-736C-410C-8ECB-49C5FBFAEEFE} = {30E1A322-736C-410C-8ECB-49C5FBFAEEFE}
		{9298FB7B-28F6-4833-A88B-58277AE795AF} = {9298FB7B-28F6-4833-A88B-58277AE795AF}
	EndProjectSection
EndProject
Project("{FAE04EC0-301F-11D3-BF4B-00C04F79EFBC}") = "Ark.Fwk.IService", "Ark.Fwk.Service\Ark.Fwk.IService\Ark.Fwk.IService.csproj", "{8C3CFBE2-7043-4D42-B0A4-982EE7C0D9CB}"
	ProjectSection(ProjectDependencies) = postProject
		{30E1A322-736C-410C-8ECB-49C5FBFAEEFE} = {30E1A322-736C-410C-8ECB-49C5FBFAEEFE}
		{9298FB7B-28F6-4833-A88B-58277AE795AF} = {9298FB7B-28F6-4833-A88B-58277AE795AF}
	EndProjectSection
EndProject
Project("{FAE04EC0-301F-11D3-BF4B-00C04F79EFBC}") = "Ark.Fwk.Servant", "Ark.Fwk.Service\Ark.Fwk.Servant\Ark.Fwk.Servant.csproj", "{87E17B45-793A-4DA1-8516-D095EC947806}"
	ProjectSection(ProjectDependencies) = postProject
		{30E1A322-736C-410C-8ECB-49C5FBFAEEFE} = {30E1A322-736C-410C-8ECB-49C5FBFAEEFE}
		{9298FB7B-28F6-4833-A88B-58277AE795AF} = {9298FB7B-28F6-4833-A88B-58277AE795AF}
		{8C3CFBE2-7043-4D42-B0A4-982EE7C0D9CB} = {8C3CFBE2-7043-4D42-B0A4-982EE7C0D9CB}
	EndProjectSection
EndProject
Project("{FAE04EC0-301F-11D3-BF4B-00C04F79EFBC}") = "Ark.Fwk.Service", "Ark.Fwk.Service\Ark.Fwk.Service\Ark.Fwk.Service.csproj", "{8284AED1-6931-4954-8C7A-FDC057303153}"
	ProjectSection(ProjectDependencies) = postProject
		{30E1A322-736C-410C-8ECB-49C5FBFAEEFE} = {30E1A322-736C-410C-8ECB-49C5FBFAEEFE}
		{9298FB7B-28F6-4833-A88B-58277AE795AF} = {9298FB7B-28F6-4833-A88B-58277AE795AF}
		{2140A68E-8572-4B66-9A2C-B29CE816E99B} = {2140A68E-8572-4B66-9A2C-B29CE816E99B}
		{8C3CFBE2-7043-4D42-B0A4-982EE7C0D9CB} = {8C3CFBE2-7043-4D42-B0A4-982EE7C0D9CB}
	EndProjectSection
EndProject
Project("{2150E333-8FDC-42A3-9474-1A3956D46DE8}") = "Ark.Fwk.Service", "Ark.Fwk.Service", "{12553ACD-82F6-4384-BF43-ECD822E0B579}"
EndProject
Global
	GlobalSection(SolutionConfigurationPlatforms) = preSolution
		Debug|Any CPU = Debug|Any CPU
		Release|Any CPU = Release|Any CPU
	EndGlobalSection
	GlobalSection(ProjectConfigurationPlatforms) = postSolution
		{9298FB7B-28F6-4833-A88B-58277AE795AF}.Debug|Any CPU.ActiveCfg = Debug|Any CPU
		{9298FB7B-28F6-4833-A88B-58277AE795AF}.Debug|Any CPU.Build.0 = Debug|Any CPU
		{9298FB7B-28F6-4833-A88B-58277AE795AF}.Release|Any CPU.ActiveCfg = Release|Any CPU
		{9298FB7B-28F6-4833-A88B-58277AE795AF}.Release|Any CPU.Build.0 = Release|Any CPU
		{30E1A322-736C-410C-8ECB-49C5FBFAEEFE}.Debug|Any CPU.ActiveCfg = Debug|Any CPU
		{30E1A322-736C-410C-8ECB-49C5FBFAEEFE}.Debug|Any CPU.Build.0 = Debug|Any CPU
		{30E1A322-736C-410C-8ECB-49C5FBFAEEFE}.Release|Any CPU.ActiveCfg = Release|Any CPU
		{30E1A322-736C-410C-8ECB-49C5FBFAEEFE}.Release|Any CPU.Build.0 = Release|Any CPU
		{5D1E16FF-F0BA-4839-A205-4BFD57C1A426}.Debug|Any CPU.ActiveCfg = Debug|Any CPU
		{5D1E16FF-F0BA-4839-A205-4BFD57C1A426}.Debug|Any CPU.Build.0 = Debug|Any CPU
		{5D1E16FF-F0BA-4839-A205-4BFD57C1A426}.Release|Any CPU.ActiveCfg = Release|Any CPU
		{5D1E16FF-F0BA-4839-A205-4BFD57C1A426}.Release|Any CPU.Build.0 = Release|Any CPU
		{CFA400F6-B608-411A-A4CB-74EC04AB93B7}.Debug|Any CPU.ActiveCfg = Debug|Any CPU
		{CFA400F6-B608-411A-A4CB-74EC04AB93B7}.Debug|Any CPU.Build.0 = Debug|Any CPU
		{CFA400F6-B608-411A-A4CB-74EC04AB93B7}.Release|Any CPU.ActiveCfg = Release|Any CPU
		{CFA400F6-B608-411A-A4CB-74EC04AB93B7}.Release|Any CPU.Build.0 = Release|Any CPU
		{2140A68E-8572-4B66-9A2C-B29CE816E99B}.Debug|Any CPU.ActiveCfg = Debug|Any CPU
		{2140A68E-8572-4B66-9A2C-B29CE816E99B}.Debug|Any CPU.Build.0 = Debug|Any CPU
		{2140A68E-8572-4B66-9A2C-B29CE816E99B}.Release|Any CPU.ActiveCfg = Release|Any CPU
		{2140A68E-8572-4B66-9A2C-B29CE816E99B}.Release|Any CPU.Build.0 = Release|Any CPU
		{8C3CFBE2-7043-4D42-B0A4-982EE7C0D9CB}.Debug|Any CPU.ActiveCfg = Debug|Any CPU
		{8C3CFBE2-7043-4D42-B0A4-982EE7C0D9CB}.Debug|Any CPU.Build.0 = Debug|Any CPU
		{8C3CFBE2-7043-4D42-B0A4-982EE7C0D9CB}.Release|Any CPU.ActiveCfg = Release|Any CPU
		{8C3CFBE2-7043-4D42-B0A4-982EE7C0D9CB}.Release|Any CPU.Build.0 = Release|Any CPU
		{87E17B45-793A-4DA1-8516-D095EC947806}.Debug|Any CPU.ActiveCfg = Debug|Any CPU
		{87E17B45-793A-4DA1-8516-D095EC947806}.Debug|Any CPU.Build.0 = Debug|Any CPU
		{87E17B45-793A-4DA1-8516-D095EC947806}.Release|Any CPU.ActiveCfg = Release|Any CPU
		{87E17B45-793A-4DA1-8516-D095EC947806}.Release|Any CPU.Build.0 = Release|Any CPU
		{8284AED1-6931-4954-8C7A-FDC057303153}.Debug|Any CPU.ActiveCfg = Debug|Any CPU
		{8284AED1-6931-4954-8C7A-FDC057303153}.Debug|Any CPU.Build.0 = Debug|Any CPU
		{8284AED1-6931-4954-8C7A-FDC057303153}.Release|Any CPU.ActiveCfg = Release|Any CPU
		{8284AED1-6931-4954-8C7A-FDC057303153}.Release|Any CPU.Build.0 = Release|Any CPU
	EndGlobalSection
	GlobalSection(SolutionProperties) = preSolution
		HideSolutionNode = FALSE
	EndGlobalSection
	GlobalSection(NestedProjects) = preSolution
		{9298FB7B-28F6-4833-A88B-58277AE795AF} = {97A07105-2872-4D9C-A323-14AF372BEA09}
		{30E1A322-736C-410C-8ECB-49C5FBFAEEFE} = {97A07105-2872-4D9C-A323-14AF372BEA09}
		{5D1E16FF-F0BA-4839-A205-4BFD57C1A426} = {05C6BAE7-080D-4301-AB6D-DE4E0E3DE287}
		{CFA400F6-B608-411A-A4CB-74EC04AB93B7} = {05C6BAE7-080D-4301-AB6D-DE4E0E3DE287}
		{2140A68E-8572-4B66-9A2C-B29CE816E99B} = {12553ACD-82F6-4384-BF43-ECD822E0B579}
		{8C3CFBE2-7043-4D42-B0A4-982EE7C0D9CB} = {12553ACD-82F6-4384-BF43-ECD822E0B579}
		{87E17B45-793A-4DA1-8516-D095EC947806} = {12553ACD-82F6-4384-BF43-ECD822E0B579}
		{8284AED1-6931-4954-8C7A-FDC057303153} = {12553ACD-82F6-4384-BF43-ECD822E0B579}
	EndGlobalSection
	GlobalSection(ExtensibilityGlobals) = postSolution
		SolutionGuid = {A98C9128-190E-4113-9AA4-960B0B1AAD9E}
	EndGlobalSection
EndGlobal
