
Microsoft Visual Studio Solution File, Format Version 12.00
# Visual Studio Version 16
VisualStudioVersion = 16.0.30907.101
MinimumVisualStudioVersion = 10.0.40219.1
Project("{FAE04EC0-301F-11D3-BF4B-00C04F79EFBC}") = "Ark.Int", "Ark.Int\Ark.Int\Ark.Int.csproj", "{183F146D-D763-4A10-BC56-172106005F39}"
EndProject
Project("{FAE04EC0-301F-11D3-BF4B-00C04F79EFBC}") = "Ark.Int.Data", "Ark.Int\Ark.Int.Data\Ark.Int.Data.csproj", "{B115916C-8C88-4B5F-B624-C9457FE3FAE9}"
	ProjectSection(ProjectDependencies) = postProject
		{183F146D-D763-4A10-BC56-172106005F39} = {183F146D-D763-4A10-BC56-172106005F39}
	EndProjectSection
EndProject
Project("{FAE04EC0-301F-11D3-BF4B-00C04F79EFBC}") = "Ark.Int.IServer", "Ark.Int.Server\Ark.Int.IServer\Ark.Int.IServer.csproj", "{46986159-E4C8-4F0F-95E4-D1EA12F0DA19}"
	ProjectSection(ProjectDependencies) = postProject
		{B115916C-8C88-4B5F-B624-C9457FE3FAE9} = {B115916C-8C88-4B5F-B624-C9457FE3FAE9}
		{183F146D-D763-4A10-BC56-172106005F39} = {183F146D-D763-4A10-BC56-172106005F39}
	EndProjectSection
EndProject
Project("{FAE04EC0-301F-11D3-BF4B-00C04F79EFBC}") = "Ark.Int.Server", "Ark.Int.Server\Ark.Int.Server\Ark.Int.Server.csproj", "{E33DE8F4-624C-4BF6-8F69-2B5B3AB40912}"
	ProjectSection(ProjectDependencies) = postProject
		{46986159-E4C8-4F0F-95E4-D1EA12F0DA19} = {46986159-E4C8-4F0F-95E4-D1EA12F0DA19}
		{B115916C-8C88-4B5F-B624-C9457FE3FAE9} = {B115916C-8C88-4B5F-B624-C9457FE3FAE9}
		{183F146D-D763-4A10-BC56-172106005F39} = {183F146D-D763-4A10-BC56-172106005F39}
		{EFB5E7F0-20FE-49DA-AA3B-CD78E629C5E5} = {EFB5E7F0-20FE-49DA-AA3B-CD78E629C5E5}
	EndProjectSection
EndProject
Project("{FAE04EC0-301F-11D3-BF4B-00C04F79EFBC}") = "Ark.Int.IPlugin", "Ark.Int.Service\Ark.Int.IPlugin\Ark.Int.IPlugin.csproj", "{6E8DCC05-BCA5-4ED0-BCD2-4DA08B2047B5}"
	ProjectSection(ProjectDependencies) = postProject
		{B115916C-8C88-4B5F-B624-C9457FE3FAE9} = {B115916C-8C88-4B5F-B624-C9457FE3FAE9}
		{183F146D-D763-4A10-BC56-172106005F39} = {183F146D-D763-4A10-BC56-172106005F39}
	EndProjectSection
EndProject
Project("{FAE04EC0-301F-11D3-BF4B-00C04F79EFBC}") = "Ark.Int.IService", "Ark.Int.Service\Ark.Int.IService\Ark.Int.IService.csproj", "{EFB5E7F0-20FE-49DA-AA3B-CD78E629C5E5}"
	ProjectSection(ProjectDependencies) = postProject
		{B115916C-8C88-4B5F-B624-C9457FE3FAE9} = {B115916C-8C88-4B5F-B624-C9457FE3FAE9}
		{183F146D-D763-4A10-BC56-172106005F39} = {183F146D-D763-4A10-BC56-172106005F39}
	EndProjectSection
EndProject
Project("{FAE04EC0-301F-11D3-BF4B-00C04F79EFBC}") = "Ark.Int.Servant", "Ark.Int.Service\Ark.Int.Servant\Ark.Int.Servant.csproj", "{60B077D3-F4D1-4D08-BA56-F8EAF82AD4FF}"
	ProjectSection(ProjectDependencies) = postProject
		{B115916C-8C88-4B5F-B624-C9457FE3FAE9} = {B115916C-8C88-4B5F-B624-C9457FE3FAE9}
		{183F146D-D763-4A10-BC56-172106005F39} = {183F146D-D763-4A10-BC56-172106005F39}
		{EFB5E7F0-20FE-49DA-AA3B-CD78E629C5E5} = {EFB5E7F0-20FE-49DA-AA3B-CD78E629C5E5}
	EndProjectSection
EndProject
Project("{FAE04EC0-301F-11D3-BF4B-00C04F79EFBC}") = "Ark.Int.Service", "Ark.Int.Service\Ark.Int.Service\Ark.Int.Service.csproj", "{CE4E4449-6142-430A-B234-9FC3FA5842DF}"
	ProjectSection(ProjectDependencies) = postProject
		{6E8DCC05-BCA5-4ED0-BCD2-4DA08B2047B5} = {6E8DCC05-BCA5-4ED0-BCD2-4DA08B2047B5}
		{B115916C-8C88-4B5F-B624-C9457FE3FAE9} = {B115916C-8C88-4B5F-B624-C9457FE3FAE9}
		{183F146D-D763-4A10-BC56-172106005F39} = {183F146D-D763-4A10-BC56-172106005F39}
		{EFB5E7F0-20FE-49DA-AA3B-CD78E629C5E5} = {EFB5E7F0-20FE-49DA-AA3B-CD78E629C5E5}
	EndProjectSection
EndProject
Project("{2150E333-8FDC-42A3-9474-1A3956D46DE8}") = "Ark.Int", "Ark.Int", "{061F1FD5-BE89-4ECD-8AD0-53BD859827F4}"
EndProject
Project("{2150E333-8FDC-42A3-9474-1A3956D46DE8}") = "Ark.Int.Server", "Ark.Int.Server", "{49AD0B76-FBCB-4462-9A56-5C6434DB7C72}"
EndProject
Project("{2150E333-8FDC-42A3-9474-1A3956D46DE8}") = "Ark.Int.Service", "Ark.Int.Service", "{E301807D-1CA6-4AB0-815B-FF0AA1D1D839}"
EndProject
Global
	GlobalSection(SolutionConfigurationPlatforms) = preSolution
		Debug|Any CPU = Debug|Any CPU
		Release|Any CPU = Release|Any CPU
	EndGlobalSection
	GlobalSection(ProjectConfigurationPlatforms) = postSolution
		{183F146D-D763-4A10-BC56-172106005F39}.Debug|Any CPU.ActiveCfg = Debug|Any CPU
		{183F146D-D763-4A10-BC56-172106005F39}.Debug|Any CPU.Build.0 = Debug|Any CPU
		{183F146D-D763-4A10-BC56-172106005F39}.Release|Any CPU.ActiveCfg = Release|Any CPU
		{183F146D-D763-4A10-BC56-172106005F39}.Release|Any CPU.Build.0 = Release|Any CPU
		{B115916C-8C88-4B5F-B624-C9457FE3FAE9}.Debug|Any CPU.ActiveCfg = Debug|Any CPU
		{B115916C-8C88-4B5F-B624-C9457FE3FAE9}.Debug|Any CPU.Build.0 = Debug|Any CPU
		{B115916C-8C88-4B5F-B624-C9457FE3FAE9}.Release|Any CPU.ActiveCfg = Release|Any CPU
		{B115916C-8C88-4B5F-B624-C9457FE3FAE9}.Release|Any CPU.Build.0 = Release|Any CPU
		{46986159-E4C8-4F0F-95E4-D1EA12F0DA19}.Debug|Any CPU.ActiveCfg = Debug|Any CPU
		{46986159-E4C8-4F0F-95E4-D1EA12F0DA19}.Debug|Any CPU.Build.0 = Debug|Any CPU
		{46986159-E4C8-4F0F-95E4-D1EA12F0DA19}.Release|Any CPU.ActiveCfg = Release|Any CPU
		{46986159-E4C8-4F0F-95E4-D1EA12F0DA19}.Release|Any CPU.Build.0 = Release|Any CPU
		{E33DE8F4-624C-4BF6-8F69-2B5B3AB40912}.Debug|Any CPU.ActiveCfg = Debug|Any CPU
		{E33DE8F4-624C-4BF6-8F69-2B5B3AB40912}.Debug|Any CPU.Build.0 = Debug|Any CPU
		{E33DE8F4-624C-4BF6-8F69-2B5B3AB40912}.Release|Any CPU.ActiveCfg = Release|Any CPU
		{E33DE8F4-624C-4BF6-8F69-2B5B3AB40912}.Release|Any CPU.Build.0 = Release|Any CPU
		{6E8DCC05-BCA5-4ED0-BCD2-4DA08B2047B5}.Debug|Any CPU.ActiveCfg = Debug|Any CPU
		{6E8DCC05-BCA5-4ED0-BCD2-4DA08B2047B5}.Debug|Any CPU.Build.0 = Debug|Any CPU
		{6E8DCC05-BCA5-4ED0-BCD2-4DA08B2047B5}.Release|Any CPU.ActiveCfg = Release|Any CPU
		{6E8DCC05-BCA5-4ED0-BCD2-4DA08B2047B5}.Release|Any CPU.Build.0 = Release|Any CPU
		{EFB5E7F0-20FE-49DA-AA3B-CD78E629C5E5}.Debug|Any CPU.ActiveCfg = Debug|Any CPU
		{EFB5E7F0-20FE-49DA-AA3B-CD78E629C5E5}.Debug|Any CPU.Build.0 = Debug|Any CPU
		{EFB5E7F0-20FE-49DA-AA3B-CD78E629C5E5}.Release|Any CPU.ActiveCfg = Release|Any CPU
		{EFB5E7F0-20FE-49DA-AA3B-CD78E629C5E5}.Release|Any CPU.Build.0 = Release|Any CPU
		{60B077D3-F4D1-4D08-BA56-F8EAF82AD4FF}.Debug|Any CPU.ActiveCfg = Debug|Any CPU
		{60B077D3-F4D1-4D08-BA56-F8EAF82AD4FF}.Debug|Any CPU.Build.0 = Debug|Any CPU
		{60B077D3-F4D1-4D08-BA56-F8EAF82AD4FF}.Release|Any CPU.ActiveCfg = Release|Any CPU
		{60B077D3-F4D1-4D08-BA56-F8EAF82AD4FF}.Release|Any CPU.Build.0 = Release|Any CPU
		{CE4E4449-6142-430A-B234-9FC3FA5842DF}.Debug|Any CPU.ActiveCfg = Debug|Any CPU
		{CE4E4449-6142-430A-B234-9FC3FA5842DF}.Debug|Any CPU.Build.0 = Debug|Any CPU
		{CE4E4449-6142-430A-B234-9FC3FA5842DF}.Release|Any CPU.ActiveCfg = Release|Any CPU
		{CE4E4449-6142-430A-B234-9FC3FA5842DF}.Release|Any CPU.Build.0 = Release|Any CPU
	EndGlobalSection
	GlobalSection(SolutionProperties) = preSolution
		HideSolutionNode = FALSE
	EndGlobalSection
	GlobalSection(NestedProjects) = preSolution
		{183F146D-D763-4A10-BC56-172106005F39} = {061F1FD5-BE89-4ECD-8AD0-53BD859827F4}
		{B115916C-8C88-4B5F-B624-C9457FE3FAE9} = {061F1FD5-BE89-4ECD-8AD0-53BD859827F4}
		{46986159-E4C8-4F0F-95E4-D1EA12F0DA19} = {49AD0B76-FBCB-4462-9A56-5C6434DB7C72}
		{E33DE8F4-624C-4BF6-8F69-2B5B3AB40912} = {49AD0B76-FBCB-4462-9A56-5C6434DB7C72}
		{6E8DCC05-BCA5-4ED0-BCD2-4DA08B2047B5} = {E301807D-1CA6-4AB0-815B-FF0AA1D1D839}
		{EFB5E7F0-20FE-49DA-AA3B-CD78E629C5E5} = {E301807D-1CA6-4AB0-815B-FF0AA1D1D839}
		{60B077D3-F4D1-4D08-BA56-F8EAF82AD4FF} = {E301807D-1CA6-4AB0-815B-FF0AA1D1D839}
		{CE4E4449-6142-430A-B234-9FC3FA5842DF} = {E301807D-1CA6-4AB0-815B-FF0AA1D1D839}
	EndGlobalSection
	GlobalSection(ExtensibilityGlobals) = postSolution
		SolutionGuid = {58EE4A51-C9CB-4F9A-BF88-B67A0A88F10B}
	EndGlobalSection
EndGlobal
